# THIS IS AN AUTOGENERATED FILE. DO NOT EDIT THIS FILE DIRECTLY.
# yarn lockfile v1


"@playwright/test@^1.27.1":
  version "1.48.2"
  resolved "https://registry.yarnpkg.com/@playwright/test/-/test-1.48.2.tgz#87dd40633f980872283404c8142a65744d3f13d6"
  integrity sha512-54w1xCWfXuax7dz4W2M9uw0gDyh+ti/0K/MxcCUxChFh37kkdxPdfZDw5QBbuPUJHr1CiHJ1hXgSs+GgeQc5Zw==
  dependencies:
    playwright "1.48.2"

fsevents@2.3.2:
  version "2.3.2"
  resolved "https://registry.yarnpkg.com/fsevents/-/fsevents-2.3.2.tgz#8a526f78b8fdf4623b709e0b975c52c24c02fd1a"
  integrity sha512-xiqMQR4xAeHTuB9uWm+fFRcIOgKBMiOBP+eXiyT7jsgVCq1bkVygt00oASowB7EdtpOHaaPgKt812P9ab+DDKA==

playwright-core@1.48.2, playwright-core@^1.27.1:
  version "1.48.2"
  resolved "https://registry.yarnpkg.com/playwright-core/-/playwright-core-1.48.2.tgz#cd76ed8af61690edef5c05c64721c26a8db2f3d7"
  integrity sha512-sjjw+qrLFlriJo64du+EK0kJgZzoQPsabGF4lBvsid+3CNIZIYLgnMj9V6JY5VhM2Peh20DJWIVpVljLLnlawA==

playwright@1.48.2:
  version "1.48.2"
  resolved "https://registry.yarnpkg.com/playwright/-/playwright-1.48.2.tgz#fca45ae8abdc34835c715718072aaff7e305167e"
  integrity sha512-NjYvYgp4BPmiwfe31j4gHLa3J7bD2WiBz8Lk2RoSsmX38SVIARZ18VYjxLjAcDsAhA+F4iSEXTSGgjua0rrlgQ==
  dependencies:
    playwright-core "1.48.2"
  optionalDependencies:
    fsevents "2.3.2"
